// !$*UTF8*$!
{
	archiveVersion = 1;
	classes = {
	};
	objectVersion = 77;
	objects = {

/* Begin PBXBuildFile section */
		C7850F4A2E77D9F8004D222E /* NotificationVideoServiceExtension.appex in Embed Foundation Extensions */ = {isa = PBXBuildFile; fileRef = C7850F432E77D9F8004D222E /* NotificationVideoServiceExtension.appex */; settings = {ATTRIBUTES = (RemoveHeadersOnCopy, ); }; };
		C7850F572E77DA49004D222E /* UserNotifications.framework in Frameworks */ = {isa = PBXBuildFile; fileRef = C7850F562E77DA49004D222E /* UserNotifications.framework */; };
		C7850F592E77DA49004D222E /* UserNotificationsUI.framework in Frameworks */ = {isa = PBXBuildFile; fileRef = C7850F582E77DA49004D222E /* UserNotificationsUI.framework */; };
		C7850F632E77DA49004D222E /* NotificationImageContentExtension.appex in Embed Foundation Extensions */ = {isa = PBXBuildFile; fileRef = C7850F542E77DA49004D222E /* NotificationImageContentExtension.appex */; settings = {ATTRIBUTES = (RemoveHeadersOnCopy, ); }; };
/* End PBXBuildFile section */

/* Begin PBXContainerItemProxy section */
		C7850F482E77D9F8004D222E /* PBXContainerItemProxy */ = {
			isa = PBXContainerItemProxy;
			containerPortal = C7850F1E2E77D98A004D222E /* Project object */;
			proxyType = 1;
			remoteGlobalIDString = C7850F422E77D9F8004D222E;
			remoteInfo = NotificationImageContentServiceExtension;
		};
		C7850F612E77DA49004D222E /* PBXContainerItemProxy */ = {
			isa = PBXContainerItemProxy;
			containerPortal = C7850F1E2E77D98A004D222E /* Project object */;
			proxyType = 1;
			remoteGlobalIDString = C7850F532E77DA49004D222E;
			remoteInfo = NotificationImageContentExtension;
		};
/* End PBXContainerItemProxy section */

/* Begin PBXCopyFilesBuildPhase section */
		C7850F4F2E77D9F8004D222E /* Embed Foundation Extensions */ = {
			isa = PBXCopyFilesBuildPhase;
			buildActionMask = 2147483647;
			dstPath = "";
			dstSubfolderSpec = 13;
			files = (
				C7850F4A2E77D9F8004D222E /* NotificationVideoServiceExtension.appex in Embed Foundation Extensions */,
				C7850F632E77DA49004D222E /* NotificationImageContentExtension.appex in Embed Foundation Extensions */,
			);
			name = "Embed Foundation Extensions";
			runOnlyForDeploymentPostprocessing = 0;
		};
/* End PBXCopyFilesBuildPhase section */

/* Begin PBXFileReference section */
		C7850F262E77D98A004D222E /* NotificationContentExtensionExample.app */ = {isa = PBXFileReference; explicitFileType = wrapper.application; includeInIndex = 0; path = NotificationContentExtensionExample.app; sourceTree = BUILT_PRODUCTS_DIR; };
		C7850F432E77D9F8004D222E /* NotificationVideoServiceExtension.appex */ = {isa = PBXFileReference; explicitFileType = "wrapper.app-extension"; includeInIndex = 0; path = NotificationVideoServiceExtension.appex; sourceTree = BUILT_PRODUCTS_DIR; };
		C7850F542E77DA49004D222E /* NotificationImageContentExtension.appex */ = {isa = PBXFileReference; explicitFileType = "wrapper.app-extension"; includeInIndex = 0; path = NotificationImageContentExtension.appex; sourceTree = BUILT_PRODUCTS_DIR; };
		C7850F562E77DA49004D222E /* UserNotifications.framework */ = {isa = PBXFileReference; lastKnownFileType = wrapper.framework; name = UserNotifications.framework; path = System/Library/Frameworks/UserNotifications.framework; sourceTree = SDKROOT; };
		C7850F582E77DA49004D222E /* UserNotificationsUI.framework */ = {isa = PBXFileReference; lastKnownFileType = wrapper.framework; name = UserNotificationsUI.framework; path = System/Library/Frameworks/UserNotificationsUI.framework; sourceTree = SDKROOT; };
/* End PBXFileReference section */

/* Begin PBXFileSystemSynchronizedBuildFileExceptionSet section */
		C7444AE92E78467900B66427 /* Exceptions for "NotificationContentExtensionExample" folder in "NotificationVideoServiceExtension" target */ = {
			isa = PBXFileSystemSynchronizedBuildFileExceptionSet;
			membershipExceptions = (
				Downloader.swift,
			);
			target = C7850F422E77D9F8004D222E /* NotificationVideoServiceExtension */;
		};
		C7444AEA2E78467900B66427 /* Exceptions for "NotificationContentExtensionExample" folder in "NotificationImageContentExtension" target */ = {
			isa = PBXFileSystemSynchronizedBuildFileExceptionSet;
			membershipExceptions = (
				Downloader.swift,
			);
			target = C7850F532E77DA49004D222E /* NotificationImageContentExtension */;
		};
		C7850F382E77D98B004D222E /* Exceptions for "NotificationContentExtensionExample" folder in "NotificationContentExtensionExample" target */ = {
			isa = PBXFileSystemSynchronizedBuildFileExceptionSet;
			membershipExceptions = (
				Resources/Info.plist,
			);
			target = C7850F252E77D98A004D222E /* NotificationContentExtensionExample */;
		};
		C7850F4E2E77D9F8004D222E /* Exceptions for "NotificationVideoServiceExtension" folder in "NotificationVideoServiceExtension" target */ = {
			isa = PBXFileSystemSynchronizedBuildFileExceptionSet;
			membershipExceptions = (
				Info.plist,
			);
			target = C7850F422E77D9F8004D222E /* NotificationVideoServiceExtension */;
		};
		C7850F672E77DA49004D222E /* Exceptions for "NotificationImageContentExtension" folder in "NotificationImageContentExtension" target */ = {
			isa = PBXFileSystemSynchronizedBuildFileExceptionSet;
			membershipExceptions = (
				Info.plist,
			);
			target = C7850F532E77DA49004D222E /* NotificationImageContentExtension */;
		};
/* End PBXFileSystemSynchronizedBuildFileExceptionSet section */

/* Begin PBXFileSystemSynchronizedRootGroup section */
		C7850F282E77D98A004D222E /* NotificationContentExtensionExample */ = {
			isa = PBXFileSystemSynchronizedRootGroup;
			exceptions = (
				C7850F382E77D98B004D222E /* Exceptions for "NotificationContentExtensionExample" folder in "NotificationContentExtensionExample" target */,
				C7444AE92E78467900B66427 /* Exceptions for "NotificationContentExtensionExample" folder in "NotificationVideoServiceExtension" target */,
				C7444AEA2E78467900B66427 /* Exceptions for "NotificationContentExtensionExample" folder in "NotificationImageContentExtension" target */,
			);
			path = NotificationContentExtensionExample;
			sourceTree = "<group>";
		};
		C7850F442E77D9F8004D222E /* NotificationVideoServiceExtension */ = {
			isa = PBXFileSystemSynchronizedRootGroup;
			exceptions = (
				C7850F4E2E77D9F8004D222E /* Exceptions for "NotificationVideoServiceExtension" folder in "NotificationVideoServiceExtension" target */,
			);
			path = NotificationVideoServiceExtension;
			sourceTree = "<group>";
		};
		C7850F5A2E77DA49004D222E /* NotificationImageContentExtension */ = {
			isa = PBXFileSystemSynchronizedRootGroup;
			exceptions = (
				C7850F672E77DA49004D222E /* Exceptions for "NotificationImageContentExtension" folder in "NotificationImageContentExtension" target */,
			);
			path = NotificationImageContentExtension;
			sourceTree = "<group>";
		};
/* End PBXFileSystemSynchronizedRootGroup section */

/* Begin PBXFrameworksBuildPhase section */
		C7850F232E77D98A004D222E /* Frameworks */ = {
			isa = PBXFrameworksBuildPhase;
			buildActionMask = 2147483647;
			files = (
			);
			runOnlyForDeploymentPostprocessing = 0;
		};
		C7850F402E77D9F8004D222E /* Frameworks */ = {
			isa = PBXFrameworksBuildPhase;
			buildActionMask = 2147483647;
			files = (
			);
			runOnlyForDeploymentPostprocessing = 0;
		};
		C7850F512E77DA49004D222E /* Frameworks */ = {
			isa = PBXFrameworksBuildPhase;
			buildActionMask = 2147483647;
			files = (
				C7850F592E77DA49004D222E /* UserNotificationsUI.framework in Frameworks */,
				C7850F572E77DA49004D222E /* UserNotifications.framework in Frameworks */,
			);
			runOnlyForDeploymentPostprocessing = 0;
		};
/* End PBXFrameworksBuildPhase section */

/* Begin PBXGroup section */
		C7850F1D2E77D98A004D222E = {
			isa = PBXGroup;
			children = (
				C7850F282E77D98A004D222E /* NotificationContentExtensionExample */,
				C7850F442E77D9F8004D222E /* NotificationVideoServiceExtension */,
				C7850F5A2E77DA49004D222E /* NotificationImageContentExtension */,
				C7850F552E77DA49004D222E /* Frameworks */,
				C7850F272E77D98A004D222E /* Products */,
			);
			sourceTree = "<group>";
		};
		C7850F272E77D98A004D222E /* Products */ = {
			isa = PBXGroup;
			children = (
				C7850F262E77D98A004D222E /* NotificationContentExtensionExample.app */,
				C7850F432E77D9F8004D222E /* NotificationVideoServiceExtension.appex */,
				C7850F542E77DA49004D222E /* NotificationImageContentExtension.appex */,
			);
			name = Products;
			sourceTree = "<group>";
		};
		C7850F552E77DA49004D222E /* Frameworks */ = {
			isa = PBXGroup;
			children = (
				C7850F562E77DA49004D222E /* UserNotifications.framework */,
				C7850F582E77DA49004D222E /* UserNotificationsUI.framework */,
			);
			name = Frameworks;
			sourceTree = "<group>";
		};
/* End PBXGroup section */

/* Begin PBXNativeTarget section */
		C7850F252E77D98A004D222E /* NotificationContentExtensionExample */ = {
			isa = PBXNativeTarget;
			buildConfigurationList = C7850F392E77D98B004D222E /* Build configuration list for PBXNativeTarget "NotificationContentExtensionExample" */;
			buildPhases = (
				C7850F222E77D98A004D222E /* Sources */,
				C7850F232E77D98A004D222E /* Frameworks */,
				C7850F242E77D98A004D222E /* Resources */,
				C7850F4F2E77D9F8004D222E /* Embed Foundation Extensions */,
			);
			buildRules = (
			);
			dependencies = (
				C7850F492E77D9F8004D222E /* PBXTargetDependency */,
				C7850F622E77DA49004D222E /* PBXTargetDependency */,
			);
			fileSystemSynchronizedGroups = (
				C7850F282E77D98A004D222E /* NotificationContentExtensionExample */,
			);
			name = NotificationContentExtensionExample;
			packageProductDependencies = (
			);
			productName = NotificationContentExtensionExample;
			productReference = C7850F262E77D98A004D222E /* NotificationContentExtensionExample.app */;
			productType = "com.apple.product-type.application";
		};
		C7850F422E77D9F8004D222E /* NotificationVideoServiceExtension */ = {
			isa = PBXNativeTarget;
			buildConfigurationList = C7850F4B2E77D9F8004D222E /* Build configuration list for PBXNativeTarget "NotificationVideoServiceExtension" */;
			buildPhases = (
				C7850F3F2E77D9F8004D222E /* Sources */,
				C7850F402E77D9F8004D222E /* Frameworks */,
				C7850F412E77D9F8004D222E /* Resources */,
			);
			buildRules = (
			);
			dependencies = (
			);
			fileSystemSynchronizedGroups = (
				C7850F442E77D9F8004D222E /* NotificationVideoServiceExtension */,
			);
			name = NotificationVideoServiceExtension;
			packageProductDependencies = (
			);
			productName = NotificationImageContentServiceExtension;
			productReference = C7850F432E77D9F8004D222E /* NotificationVideoServiceExtension.appex */;
			productType = "com.apple.product-type.app-extension";
		};
		C7850F532E77DA49004D222E /* NotificationImageContentExtension */ = {
			isa = PBXNativeTarget;
			buildConfigurationList = C7850F642E77DA49004D222E /* Build configuration list for PBXNativeTarget "NotificationImageContentExtension" */;
			buildPhases = (
				C7850F502E77DA49004D222E /* Sources */,
				C7850F512E77DA49004D222E /* Frameworks */,
				C7850F522E77DA49004D222E /* Resources */,
			);
			buildRules = (
			);
			dependencies = (
			);
			fileSystemSynchronizedGroups = (
				C7850F5A2E77DA49004D222E /* NotificationImageContentExtension */,
			);
			name = NotificationImageContentExtension;
			packageProductDependencies = (
			);
			productName = NotificationImageContentExtension;
			productReference = C7850F542E77DA49004D222E /* NotificationImageContentExtension.appex */;
			productType = "com.apple.product-type.app-extension";
		};
/* End PBXNativeTarget section */

/* Begin PBXProject section */
		C7850F1E2E77D98A004D222E /* Project object */ = {
			isa = PBXProject;
			attributes = {
				BuildIndependentTargetsInParallel = 1;
				LastSwiftUpdateCheck = 2600;
				LastUpgradeCheck = 2600;
				TargetAttributes = {
					C7850F252E77D98A004D222E = {
						CreatedOnToolsVersion = 26.0;
					};
					C7850F422E77D9F8004D222E = {
						CreatedOnToolsVersion = 26.0;
					};
					C7850F532E77DA49004D222E = {
						CreatedOnToolsVersion = 26.0;
					};
				};
			};
			buildConfigurationList = C7850F212E77D98A004D222E /* Build configuration list for PBXProject "NotificationContentExtensionExample" */;
			developmentRegion = en;
			hasScannedForEncodings = 0;
			knownRegions = (
				en,
				Base,
			);
			mainGroup = C7850F1D2E77D98A004D222E;
			minimizedProjectReferenceProxies = 1;
			preferredProjectObjectVersion = 77;
			productRefGroup = C7850F272E77D98A004D222E /* Products */;
			projectDirPath = "";
			projectRoot = "";
			targets = (
				C7850F252E77D98A004D222E /* NotificationContentExtensionExample */,
				C7850F422E77D9F8004D222E /* NotificationVideoServiceExtension */,
				C7850F532E77DA49004D222E /* NotificationImageContentExtension */,
			);
		};
/* End PBXProject section */

/* Begin PBXResourcesBuildPhase section */
		C7850F242E77D98A004D222E /* Resources */ = {
			isa = PBXResourcesBuildPhase;
			buildActionMask = 2147483647;
			files = (
			);
			runOnlyForDeploymentPostprocessing = 0;
		};
		C7850F412E77D9F8004D222E /* Resources */ = {
			isa = PBXResourcesBuildPhase;
			buildActionMask = 2147483647;
			files = (
			);
			runOnlyForDeploymentPostprocessing = 0;
		};
		C7850F522E77DA49004D222E /* Resources */ = {
			isa = PBXResourcesBuildPhase;
			buildActionMask = 2147483647;
			files = (
			);
			runOnlyForDeploymentPostprocessing = 0;
		};
/* End PBXResourcesBuildPhase section */

/* Begin PBXSourcesBuildPhase section */
		C7850F222E77D98A004D222E /* Sources */ = {
			isa = PBXSourcesBuildPhase;
			buildActionMask = 2147483647;
			files = (
			);
			runOnlyForDeploymentPostprocessing = 0;
		};
		C7850F3F2E77D9F8004D222E /* Sources */ = {
			isa = PBXSourcesBuildPhase;
			buildActionMask = 2147483647;
			files = (
			);
			runOnlyForDeploymentPostprocessing = 0;
		};
		C7850F502E77DA49004D222E /* Sources */ = {
			isa = PBXSourcesBuildPhase;
			buildActionMask = 2147483647;
			files = (
			);
			runOnlyForDeploymentPostprocessing = 0;
		};
/* End PBXSourcesBuildPhase section */

/* Begin PBXTargetDependency section */
		C7850F492E77D9F8004D222E /* PBXTargetDependency */ = {
			isa = PBXTargetDependency;
			target = C7850F422E77D9F8004D222E /* NotificationVideoServiceExtension */;
			targetProxy = C7850F482E77D9F8004D222E /* PBXContainerItemProxy */;
		};
		C7850F622E77DA49004D222E /* PBXTargetDependency */ = {
			isa = PBXTargetDependency;
			target = C7850F532E77DA49004D222E /* NotificationImageContentExtension */;
			targetProxy = C7850F612E77DA49004D222E /* PBXContainerItemProxy */;
		};
/* End PBXTargetDependency section */

/* Begin XCBuildConfiguration section */
		C7850F3A2E77D98B004D222E /* Debug */ = {
			isa = XCBuildConfiguration;
			buildSettings = {
				ASSETCATALOG_COMPILER_APPICON_NAME = AppIcon;
				ASSETCATALOG_COMPILER_GLOBAL_ACCENT_COLOR_NAME = AccentColor;
				CODE_SIGN_ENTITLEMENTS = NotificationContentExtensionExample/NotificationContentExtensionExample.entitlements;
				CODE_SIGN_STYLE = Automatic;
				CURRENT_PROJECT_VERSION = 1;
				DEVELOPMENT_TEAM = 4DQM269FVB;
				GENERATE_INFOPLIST_FILE = YES;
				INFOPLIST_FILE = NotificationContentExtensionExample/Resources/Info.plist;
				INFOPLIST_KEY_UIApplicationSupportsIndirectInputEvents = YES;
				INFOPLIST_KEY_UILaunchStoryboardName = LaunchScreen;
				INFOPLIST_KEY_UIMainStoryboardFile = Main;
				INFOPLIST_KEY_UISupportedInterfaceOrientations_iPad = "UIInterfaceOrientationPortrait UIInterfaceOrientationPortraitUpsideDown UIInterfaceOrientationLandscapeLeft UIInterfaceOrientationLandscapeRight";
				INFOPLIST_KEY_UISupportedInterfaceOrientations_iPhone = "UIInterfaceOrientationPortrait UIInterfaceOrientationLandscapeLeft UIInterfaceOrientationLandscapeRight";
				LD_RUNPATH_SEARCH_PATHS = (
					"$(inherited)",
					"@executable_path/Frameworks",
				);
				MARKETING_VERSION = 1.0;
				PRODUCT_BUNDLE_IDENTIFIER = com.rlarjsdn3.NotificationContentExtensionExample;
				PRODUCT_NAME = "$(TARGET_NAME)";
				STRING_CATALOG_GENERATE_SYMBOLS = YES;
				SWIFT_APPROACHABLE_CONCURRENCY = YES;
				SWIFT_DEFAULT_ACTOR_ISOLATION = MainActor;
				SWIFT_EMIT_LOC_STRINGS = YES;
				SWIFT_UPCOMING_FEATURE_MEMBER_IMPORT_VISIBILITY = YES;
				SWIFT_VERSION = 5.0;
				TARGETED_DEVICE_FAMILY = "1,2";
			};
			name = Debug;
		};
		C7850F3B2E77D98B004D222E /* Release */ = {
			isa = XCBuildConfiguration;
			buildSettings = {
				ASSETCATALOG_COMPILER_APPICON_NAME = AppIcon;
				ASSETCATALOG_COMPILER_GLOBAL_ACCENT_COLOR_NAME = AccentColor;
				CODE_SIGN_ENTITLEMENTS = NotificationContentExtensionExample/NotificationContentExtensionExample.entitlements;
				CODE_SIGN_STYLE = Automatic;
				CURRENT_PROJECT_VERSION = 1;
				DEVELOPMENT_TEAM = 4DQM269FVB;
				GENERATE_INFOPLIST_FILE = YES;
				INFOPLIST_FILE = NotificationContentExtensionExample/Resources/Info.plist;
				INFOPLIST_KEY_UIApplicationSupportsIndirectInputEvents = YES;
				INFOPLIST_KEY_UILaunchStoryboardName = LaunchScreen;
				INFOPLIST_KEY_UIMainStoryboardFile = Main;
				INFOPLIST_KEY_UISupportedInterfaceOrientations_iPad = "UIInterfaceOrientationPortrait UIInterfaceOrientationPortraitUpsideDown UIInterfaceOrientationLandscapeLeft UIInterfaceOrientationLandscapeRight";
				INFOPLIST_KEY_UISupportedInterfaceOrientations_iPhone = "UIInterfaceOrientationPortrait UIInterfaceOrientationLandscapeLeft UIInterfaceOrientationLandscapeRight";
				LD_RUNPATH_SEARCH_PATHS = (
					"$(inherited)",
					"@executable_path/Frameworks",
				);
				MARKETING_VERSION = 1.0;
				PRODUCT_BUNDLE_IDENTIFIER = com.rlarjsdn3.NotificationContentExtensionExample;
				PRODUCT_NAME = "$(TARGET_NAME)";
				STRING_CATALOG_GENERATE_SYMBOLS = YES;
				SWIFT_APPROACHABLE_CONCURRENCY = YES;
				SWIFT_DEFAULT_ACTOR_ISOLATION = MainActor;
				SWIFT_EMIT_LOC_STRINGS = YES;
				SWIFT_UPCOMING_FEATURE_MEMBER_IMPORT_VISIBILITY = YES;
				SWIFT_VERSION = 5.0;
				TARGETED_DEVICE_FAMILY = "1,2";
			};
			name = Release;
		};
		C7850F3C2E77D98B004D222E /* Debug */ = {
			isa = XCBuildConfiguration;
			buildSettings = {
				ALWAYS_SEARCH_USER_PATHS = NO;
				ASSETCATALOG_COMPILER_GENERATE_SWIFT_ASSET_SYMBOL_EXTENSIONS = YES;
				CLANG_ANALYZER_NONNULL = YES;
				CLANG_ANALYZER_NUMBER_OBJECT_CONVERSION = YES_AGGRESSIVE;
				CLANG_CXX_LANGUAGE_STANDARD = "gnu++20";
				CLANG_ENABLE_MODULES = YES;
				CLANG_ENABLE_OBJC_ARC = YES;
				CLANG_ENABLE_OBJC_WEAK = YES;
				CLANG_WARN_BLOCK_CAPTURE_AUTORELEASING = YES;
				CLANG_WARN_BOOL_CONVERSION = YES;
				CLANG_WARN_COMMA = YES;
				CLANG_WARN_CONSTANT_CONVERSION = YES;
				CLANG_WARN_DEPRECATED_OBJC_IMPLEMENTATIONS = YES;
				CLANG_WARN_DIRECT_OBJC_ISA_USAGE = YES_ERROR;
				CLANG_WARN_DOCUMENTATION_COMMENTS = YES;
				CLANG_WARN_EMPTY_BODY = YES;
				CLANG_WARN_ENUM_CONVERSION = YES;
				CLANG_WARN_INFINITE_RECURSION = YES;
				CLANG_WARN_INT_CONVERSION = YES;
				CLANG_WARN_NON_LITERAL_NULL_CONVERSION = YES;
				CLANG_WARN_OBJC_IMPLICIT_RETAIN_SELF = YES;
				CLANG_WARN_OBJC_LITERAL_CONVERSION = YES;
				CLANG_WARN_OBJC_ROOT_CLASS = YES_ERROR;
				CLANG_WARN_QUOTED_INCLUDE_IN_FRAMEWORK_HEADER = YES;
				CLANG_WARN_RANGE_LOOP_ANALYSIS = YES;
				CLANG_WARN_STRICT_PROTOTYPES = YES;
				CLANG_WARN_SUSPICIOUS_MOVE = YES;
				CLANG_WARN_UNGUARDED_AVAILABILITY = YES_AGGRESSIVE;
				CLANG_WARN_UNREACHABLE_CODE = YES;
				CLANG_WARN__DUPLICATE_METHOD_MATCH = YES;
				COPY_PHASE_STRIP = NO;
				DEBUG_INFORMATION_FORMAT = dwarf;
				DEVELOPMENT_TEAM = 4DQM269FVB;
				ENABLE_STRICT_OBJC_MSGSEND = YES;
				ENABLE_TESTABILITY = YES;
				ENABLE_USER_SCRIPT_SANDBOXING = YES;
				GCC_C_LANGUAGE_STANDARD = gnu17;
				GCC_DYNAMIC_NO_PIC = NO;
				GCC_NO_COMMON_BLOCKS = YES;
				GCC_OPTIMIZATION_LEVEL = 0;
				GCC_PREPROCESSOR_DEFINITIONS = (
					"DEBUG=1",
					"$(inherited)",
				);
				GCC_WARN_64_TO_32_BIT_CONVERSION = YES;
				GCC_WARN_ABOUT_RETURN_TYPE = YES_ERROR;
				GCC_WARN_UNDECLARED_SELECTOR = YES;
				GCC_WARN_UNINITIALIZED_AUTOS = YES_AGGRESSIVE;
				GCC_WARN_UNUSED_FUNCTION = YES;
				GCC_WARN_UNUSED_VARIABLE = YES;
				IPHONEOS_DEPLOYMENT_TARGET = 26.0;
				LOCALIZATION_PREFERS_STRING_CATALOGS = YES;
				MTL_ENABLE_DEBUG_INFO = INCLUDE_SOURCE;
				MTL_FAST_MATH = YES;
				ONLY_ACTIVE_ARCH = YES;
				SDKROOT = iphoneos;
				SWIFT_ACTIVE_COMPILATION_CONDITIONS = "DEBUG $(inherited)";
				SWIFT_OPTIMIZATION_LEVEL = "-Onone";
			};
			name = Debug;
		};
		C7850F3D2E77D98B004D222E /* Release */ = {
			isa = XCBuildConfiguration;
			buildSettings = {
				ALWAYS_SEARCH_USER_PATHS = NO;
				ASSETCATALOG_COMPILER_GENERATE_SWIFT_ASSET_SYMBOL_EXTENSIONS = YES;
				CLANG_ANALYZER_NONNULL = YES;
				CLANG_ANALYZER_NUMBER_OBJECT_CONVERSION = YES_AGGRESSIVE;
				CLANG_CXX_LANGUAGE_STANDARD = "gnu++20";
				CLANG_ENABLE_MODULES = YES;
				CLANG_ENABLE_OBJC_ARC = YES;
				CLANG_ENABLE_OBJC_WEAK = YES;
				CLANG_WARN_BLOCK_CAPTURE_AUTORELEASING = YES;
				CLANG_WARN_BOOL_CONVERSION = YES;
				CLANG_WARN_COMMA = YES;
				CLANG_WARN_CONSTANT_CONVERSION = YES;
				CLANG_WARN_DEPRECATED_OBJC_IMPLEMENTATIONS = YES;
				CLANG_WARN_DIRECT_OBJC_ISA_USAGE = YES_ERROR;
				CLANG_WARN_DOCUMENTATION_COMMENTS = YES;
				CLANG_WARN_EMPTY_BODY = YES;
				CLANG_WARN_ENUM_CONVERSION = YES;
				CLANG_WARN_INFINITE_RECURSION = YES;
				CLANG_WARN_INT_CONVERSION = YES;
				CLANG_WARN_NON_LITERAL_NULL_CONVERSION = YES;
				CLANG_WARN_OBJC_IMPLICIT_RETAIN_SELF = YES;
				CLANG_WARN_OBJC_LITERAL_CONVERSION = YES;
				CLANG_WARN_OBJC_ROOT_CLASS = YES_ERROR;
				CLANG_WARN_QUOTED_INCLUDE_IN_FRAMEWORK_HEADER = YES;
				CLANG_WARN_RANGE_LOOP_ANALYSIS = YES;
				CLANG_WARN_STRICT_PROTOTYPES = YES;
				CLANG_WARN_SUSPICIOUS_MOVE = YES;
				CLANG_WARN_UNGUARDED_AVAILABILITY = YES_AGGRESSIVE;
				CLANG_WARN_UNREACHABLE_CODE = YES;
				CLANG_WARN__DUPLICATE_METHOD_MATCH = YES;
				COPY_PHASE_STRIP = NO;
				DEBUG_INFORMATION_FORMAT = "dwarf-with-dsym";
				DEVELOPMENT_TEAM = 4DQM269FVB;
				ENABLE_NS_ASSERTIONS = NO;
				ENABLE_STRICT_OBJC_MSGSEND = YES;
				ENABLE_USER_SCRIPT_SANDBOXING = YES;
				GCC_C_LANGUAGE_STANDARD = gnu17;
				GCC_NO_COMMON_BLOCKS = YES;
				GCC_WARN_64_TO_32_BIT_CONVERSION = YES;
				GCC_WARN_ABOUT_RETURN_TYPE = YES_ERROR;
				GCC_WARN_UNDECLARED_SELECTOR = YES;
				GCC_WARN_UNINITIALIZED_AUTOS = YES_AGGRESSIVE;
				GCC_WARN_UNUSED_FUNCTION = YES;
				GCC_WARN_UNUSED_VARIABLE = YES;
				IPHONEOS_DEPLOYMENT_TARGET = 26.0;
				LOCALIZATION_PREFERS_STRING_CATALOGS = YES;
				MTL_ENABLE_DEBUG_INFO = NO;
				MTL_FAST_MATH = YES;
				SDKROOT = iphoneos;
				SWIFT_COMPILATION_MODE = wholemodule;
				VALIDATE_PRODUCT = YES;
			};
			name = Release;
		};
		C7850F4C2E77D9F8004D222E /* Debug */ = {
			isa = XCBuildConfiguration;
			buildSettings = {
				CODE_SIGN_STYLE = Automatic;
				CURRENT_PROJECT_VERSION = 1;
				DEVELOPMENT_TEAM = 4DQM269FVB;
				GENERATE_INFOPLIST_FILE = YES;
				INFOPLIST_FILE = NotificationVideoServiceExtension/Info.plist;
				INFOPLIST_KEY_CFBundleDisplayName = NotificationVideoServiceExtension;
				INFOPLIST_KEY_NSHumanReadableCopyright = "";
				LD_RUNPATH_SEARCH_PATHS = (
					"$(inherited)",
					"@executable_path/Frameworks",
					"@executable_path/../../Frameworks",
				);
				MARKETING_VERSION = 1.0;
				PRODUCT_BUNDLE_IDENTIFIER = com.rlarjsdn3.NotificationContentExtensionExample.NotificationImageContentServiceExtension;
				PRODUCT_NAME = "$(TARGET_NAME)";
				SKIP_INSTALL = YES;
				STRING_CATALOG_GENERATE_SYMBOLS = YES;
				SWIFT_APPROACHABLE_CONCURRENCY = YES;
				SWIFT_EMIT_LOC_STRINGS = YES;
				SWIFT_UPCOMING_FEATURE_MEMBER_IMPORT_VISIBILITY = YES;
				SWIFT_VERSION = 5.0;
				TARGETED_DEVICE_FAMILY = "1,2";
			};
			name = Debug;
		};
		C7850F4D2E77D9F8004D222E /* Release */ = {
			isa = XCBuildConfiguration;
			buildSettings = {
				CODE_SIGN_STYLE = Automatic;
				CURRENT_PROJECT_VERSION = 1;
				DEVELOPMENT_TEAM = 4DQM269FVB;
				GENERATE_INFOPLIST_FILE = YES;
				INFOPLIST_FILE = NotificationVideoServiceExtension/Info.plist;
				INFOPLIST_KEY_CFBundleDisplayName = NotificationVideoServiceExtension;
				INFOPLIST_KEY_NSHumanReadableCopyright = "";
				LD_RUNPATH_SEARCH_PATHS = (
					"$(inherited)",
					"@executable_path/Frameworks",
					"@executable_path/../../Frameworks",
				);
				MARKETING_VERSION = 1.0;
				PRODUCT_BUNDLE_IDENTIFIER = com.rlarjsdn3.NotificationContentExtensionExample.NotificationImageContentServiceExtension;
				PRODUCT_NAME = "$(TARGET_NAME)";
				SKIP_INSTALL = YES;
				STRING_CATALOG_GENERATE_SYMBOLS = YES;
				SWIFT_APPROACHABLE_CONCURRENCY = YES;
				SWIFT_EMIT_LOC_STRINGS = YES;
				SWIFT_UPCOMING_FEATURE_MEMBER_IMPORT_VISIBILITY = YES;
				SWIFT_VERSION = 5.0;
				TARGETED_DEVICE_FAMILY = "1,2";
			};
			name = Release;
		};
		C7850F652E77DA49004D222E /* Debug */ = {
			isa = XCBuildConfiguration;
			buildSettings = {
				CODE_SIGN_STYLE = Automatic;
				CURRENT_PROJECT_VERSION = 1;
				DEVELOPMENT_TEAM = 4DQM269FVB;
				GENERATE_INFOPLIST_FILE = YES;
				INFOPLIST_FILE = NotificationImageContentExtension/Info.plist;
				INFOPLIST_KEY_CFBundleDisplayName = NotificationImageContentExtension;
				INFOPLIST_KEY_NSHumanReadableCopyright = "";
				LD_RUNPATH_SEARCH_PATHS = (
					"$(inherited)",
					"@executable_path/Frameworks",
					"@executable_path/../../Frameworks",
				);
				MARKETING_VERSION = 1.0;
				PRODUCT_BUNDLE_IDENTIFIER = com.rlarjsdn3.NotificationContentExtensionExample.NotificationImageContentExtension;
				PRODUCT_NAME = "$(TARGET_NAME)";
				SKIP_INSTALL = YES;
				STRING_CATALOG_GENERATE_SYMBOLS = YES;
				SWIFT_APPROACHABLE_CONCURRENCY = YES;
				SWIFT_EMIT_LOC_STRINGS = YES;
				SWIFT_UPCOMING_FEATURE_MEMBER_IMPORT_VISIBILITY = YES;
				SWIFT_VERSION = 5.0;
				TARGETED_DEVICE_FAMILY = "1,2";
			};
			name = Debug;
		};
		C7850F662E77DA49004D222E /* Release */ = {
			isa = XCBuildConfiguration;
			buildSettings = {
				CODE_SIGN_STYLE = Automatic;
				CURRENT_PROJECT_VERSION = 1;
				DEVELOPMENT_TEAM = 4DQM269FVB;
				GENERATE_INFOPLIST_FILE = YES;
				INFOPLIST_FILE = NotificationImageContentExtension/Info.plist;
				INFOPLIST_KEY_CFBundleDisplayName = NotificationImageContentExtension;
				INFOPLIST_KEY_NSHumanReadableCopyright = "";
				LD_RUNPATH_SEARCH_PATHS = (
					"$(inherited)",
					"@executable_path/Frameworks",
					"@executable_path/../../Frameworks",
				);
				MARKETING_VERSION = 1.0;
				PRODUCT_BUNDLE_IDENTIFIER = com.rlarjsdn3.NotificationContentExtensionExample.NotificationImageContentExtension;
				PRODUCT_NAME = "$(TARGET_NAME)";
				SKIP_INSTALL = YES;
				STRING_CATALOG_GENERATE_SYMBOLS = YES;
				SWIFT_APPROACHABLE_CONCURRENCY = YES;
				SWIFT_EMIT_LOC_STRINGS = YES;
				SWIFT_UPCOMING_FEATURE_MEMBER_IMPORT_VISIBILITY = YES;
				SWIFT_VERSION = 5.0;
				TARGETED_DEVICE_FAMILY = "1,2";
			};
			name = Release;
		};
/* End XCBuildConfiguration section */

/* Begin XCConfigurationList section */
		C7850F212E77D98A004D222E /* Build configuration list for PBXProject "NotificationContentExtensionExample" */ = {
			isa = XCConfigurationList;
			buildConfigurations = (
				C7850F3C2E77D98B004D222E /* Debug */,
				C7850F3D2E77D98B004D222E /* Release */,
			);
			defaultConfigurationIsVisible = 0;
			defaultConfigurationName = Release;
		};
		C7850F392E77D98B004D222E /* Build configuration list for PBXNativeTarget "NotificationContentExtensionExample" */ = {
			isa = XCConfigurationList;
			buildConfigurations = (
				C7850F3A2E77D98B004D222E /* Debug */,
				C7850F3B2E77D98B004D222E /* Release */,
			);
			defaultConfigurationIsVisible = 0;
			defaultConfigurationName = Release;
		};
		C7850F4B2E77D9F8004D222E /* Build configuration list for PBXNativeTarget "NotificationVideoServiceExtension" */ = {
			isa = XCConfigurationList;
			buildConfigurations = (
				C7850F4C2E77D9F8004D222E /* Debug */,
				C7850F4D2E77D9F8004D222E /* Release */,
			);
			defaultConfigurationIsVisible = 0;
			defaultConfigurationName = Release;
		};
		C7850F642E77DA49004D222E /* Build configuration list for PBXNativeTarget "NotificationImageContentExtension" */ = {
			isa = XCConfigurationList;
			buildConfigurations = (
				C7850F652E77DA49004D222E /* Debug */,
				C7850F662E77DA49004D222E /* Release */,
			);
			defaultConfigurationIsVisible = 0;
			defaultConfigurationName = Release;
		};
/* End XCConfigurationList section */
	};
	rootObject = C7850F1E2E77D98A004D222E /* Project object */;
}
